
Microsoft Visual Studio Solution File, Format Version 12.00
# Visual Studio Version 16
VisualStudioVersion = 16.0.30717.126
MinimumVisualStudioVersion = 10.0.40219.1
Project("{9A19103F-16F7-4668-BE54-9A1E7A4F7556}") = "WrapThat", "TheAnswer\WrapThat.csproj", "{55CB96DF-9BAC-4F69-828A-51222901B0CF}"
EndProject
Project("{9A19103F-16F7-4668-BE54-9A1E7A4F7556}") = "WrapThat.Tests", "Hermit.Tests\WrapThat.Tests.csproj", "{D71CEF2F-D2F5-4D9E-B47F-CB194A360033}"
EndProject
Project("{2150E333-8FDC-42A3-9474-1A3956D46DE8}") = "Solution Items", "Solution Items", "{368AADF4-2384-4EAD-AC67-27FE958AFC00}"
	ProjectSection(SolutionItems) = preProject
		.gitignore = .gitignore
		README.md = README.md
	EndProjectSection
EndProject
Global
	GlobalSection(SolutionConfigurationPlatforms) = preSolution
		Debug|Any CPU = Debug|Any CPU
		Release|Any CPU = Release|Any CPU
	EndGlobalSection
	GlobalSection(ProjectConfigurationPlatforms) = postSolution
		{55CB96DF-9BAC-4F69-828A-51222901B0CF}.Debug|Any CPU.ActiveCfg = Debug|Any CPU
		{55CB96DF-9BAC-4F69-828A-51222901B0CF}.Debug|Any CPU.Build.0 = Debug|Any CPU
		{55CB96DF-9BAC-4F69-828A-51222901B0CF}.Release|Any CPU.ActiveCfg = Release|Any CPU
		{55CB96DF-9BAC-4F69-828A-51222901B0CF}.Release|Any CPU.Build.0 = Release|Any CPU
		{D71CEF2F-D2F5-4D9E-B47F-CB194A360033}.Debug|Any CPU.ActiveCfg = Debug|Any CPU
		{D71CEF2F-D2F5-4D9E-B47F-CB194A360033}.Debug|Any CPU.Build.0 = Debug|Any CPU
		{D71CEF2F-D2F5-4D9E-B47F-CB194A360033}.Release|Any CPU.ActiveCfg = Release|Any CPU
		{D71CEF2F-D2F5-4D9E-B47F-CB194A360033}.Release|Any CPU.Build.0 = Release|Any CPU
	EndGlobalSection
	GlobalSection(SolutionProperties) = preSolution
		HideSolutionNode = FALSE
	EndGlobalSection
	GlobalSection(ExtensibilityGlobals) = postSolution
		SolutionGuid = {D7C164D9-8D40-4011-A588-A2EA4AC295CD}
	EndGlobalSection
EndGlobal
